
Microsoft Visual Studio Solution File, Format Version 12.00
# Visual Studio Version 17
VisualStudioVersion = 17.3.32922.545
MinimumVisualStudioVersion = 10.0.40219.1
Project("{9A19103F-16F7-4668-BE54-9A1E7A4F7556}") = "Encapsulation_Abstraction", "Encapsulation_Abstraction.csproj", "{535F88F6-A762-4128-9CE1-6734BBEF615D}"
EndProject
Global
	GlobalSection(SolutionConfigurationPlatforms) = preSolution
		Debug|Any CPU = Debug|Any CPU
		Release|Any CPU = Release|Any CPU
	EndGlobalSection
	GlobalSection(ProjectConfigurationPlatforms) = postSolution
		{535F88F6-A762-4128-9CE1-6734BBEF615D}.Debug|Any CPU.ActiveCfg = Debug|Any CPU
		{535F88F6-A762-4128-9CE1-6734BBEF615D}.Debug|Any CPU.Build.0 = Debug|Any CPU
		{535F88F6-A762-4128-9CE1-6734BBEF615D}.Release|Any CPU.ActiveCfg = Release|Any CPU
		{535F88F6-A762-4128-9CE1-6734BBEF615D}.Release|Any CPU.Build.0 = Release|Any CPU
	EndGlobalSection
	GlobalSection(SolutionProperties) = preSolution
		HideSolutionNode = FALSE
	EndGlobalSection
	GlobalSection(ExtensibilityGlobals) = postSolution
		SolutionGuid = {E99C5576-4A46-47CB-ABC5-6AEBFC8F02C5}
	EndGlobalSection
EndGlobal
